
Microsoft Visual Studio Solution File, Format Version 12.00
# Visual Studio Version 17
VisualStudioVersion = 17.13.35825.156
MinimumVisualStudioVersion = 10.0.40219.1
Project("{FAE04EC0-301F-11D3-BF4B-00C04F79EFBC}") = "WebAPIShirt", "WebAPIShirt\WebAPIShirt.csproj", "{5A70885B-D1E9-4D2B-842C-4AFAB8C46F7B}"
EndProject
Project("{FAE04EC0-301F-11D3-BF4B-00C04F79EFBC}") = "WebApp", "WebApp\WebApp.csproj", "{A8836F21-9FEE-4604-B56F-BC40118C1213}"
EndProject
Global
	GlobalSection(SolutionConfigurationPlatforms) = preSolution
		Debug|Any CPU = Debug|Any CPU
		Release|Any CPU = Release|Any CPU
	EndGlobalSection
	GlobalSection(ProjectConfigurationPlatforms) = postSolution
		{5A70885B-D1E9-4D2B-842C-4AFAB8C46F7B}.Debug|Any CPU.ActiveCfg = Debug|Any CPU
		{5A70885B-D1E9-4D2B-842C-4AFAB8C46F7B}.Debug|Any CPU.Build.0 = Debug|Any CPU
		{5A70885B-D1E9-4D2B-842C-4AFAB8C46F7B}.Release|Any CPU.ActiveCfg = Release|Any CPU
		{5A70885B-D1E9-4D2B-842C-4AFAB8C46F7B}.Release|Any CPU.Build.0 = Release|Any CPU
		{A8836F21-9FEE-4604-B56F-BC40118C1213}.Debug|Any CPU.ActiveCfg = Debug|Any CPU
		{A8836F21-9FEE-4604-B56F-BC40118C1213}.Debug|Any CPU.Build.0 = Debug|Any CPU
		{A8836F21-9FEE-4604-B56F-BC40118C1213}.Release|Any CPU.ActiveCfg = Release|Any CPU
		{A8836F21-9FEE-4604-B56F-BC40118C1213}.Release|Any CPU.Build.0 = Release|Any CPU
	EndGlobalSection
	GlobalSection(SolutionProperties) = preSolution
		HideSolutionNode = FALSE
	EndGlobalSection
	GlobalSection(ExtensibilityGlobals) = postSolution
		SolutionGuid = {49F2DEC6-4CC4-41B4-AF6F-ABBC4A13CE33}
	EndGlobalSection
EndGlobal
